
Microsoft Visual Studio Solution File, Format Version 12.00
# Visual Studio Version 17
VisualStudioVersion = 17.12.35707.178
MinimumVisualStudioVersion = 10.0.40219.1
Project("{FAE04EC0-301F-11D3-BF4B-00C04F79EFBC}") = "GoogleServices", "GoogleServices\GoogleServices.csproj", "{28D5ACC8-81CE-4191-9AB5-E9F178AB7CB4}"
EndProject
Project("{FAE04EC0-301F-11D3-BF4B-00C04F79EFBC}") = "DataServiceLayar", "DataServiceLayar\DataServiceLayar.csproj", "{824AC8B3-A741-4E56-A4DA-0C34E4208087}"
EndProject
Global
	GlobalSection(SolutionConfigurationPlatforms) = preSolution
		Debug|Any CPU = Debug|Any CPU
		Release|Any CPU = Release|Any CPU
	EndGlobalSection
	GlobalSection(ProjectConfigurationPlatforms) = postSolution
		{28D5ACC8-81CE-4191-9AB5-E9F178AB7CB4}.Debug|Any CPU.ActiveCfg = Debug|Any CPU
		{28D5ACC8-81CE-4191-9AB5-E9F178AB7CB4}.Debug|Any CPU.Build.0 = Debug|Any CPU
		{28D5ACC8-81CE-4191-9AB5-E9F178AB7CB4}.Release|Any CPU.ActiveCfg = Release|Any CPU
		{28D5ACC8-81CE-4191-9AB5-E9F178AB7CB4}.Release|Any CPU.Build.0 = Release|Any CPU
		{824AC8B3-A741-4E56-A4DA-0C34E4208087}.Debug|Any CPU.ActiveCfg = Debug|Any CPU
		{824AC8B3-A741-4E56-A4DA-0C34E4208087}.Debug|Any CPU.Build.0 = Debug|Any CPU
		{824AC8B3-A741-4E56-A4DA-0C34E4208087}.Release|Any CPU.ActiveCfg = Release|Any CPU
		{824AC8B3-A741-4E56-A4DA-0C34E4208087}.Release|Any CPU.Build.0 = Release|Any CPU
	EndGlobalSection
	GlobalSection(SolutionProperties) = preSolution
		HideSolutionNode = FALSE
	EndGlobalSection
EndGlobal
